
Microsoft Visual Studio Solution File, Format Version 12.00
# Visual Studio Version 17
VisualStudioVersion = 17.13.35818.85 d17.13
MinimumVisualStudioVersion = 10.0.40219.1
Project("{FAE04EC0-301F-11D3-BF4B-00C04F79EFBC}") = "CarSalesDomain", "CarSalesDomain\CarSalesDomain.csproj", "{993D1349-D1FA-4F10-9176-9EC4DDF72FF4}"
EndProject
Project("{FAE04EC0-301F-11D3-BF4B-00C04F79EFBC}") = "CarSalesInfrastructure", "CarSalesInfrastructure\CarSalesInfrastructure.csproj", "{1358FF04-649B-4B9F-8E1F-1DF13A82ED21}"
EndProject
Global
	GlobalSection(SolutionConfigurationPlatforms) = preSolution
		Debug|Any CPU = Debug|Any CPU
		Release|Any CPU = Release|Any CPU
	EndGlobalSection
	GlobalSection(ProjectConfigurationPlatforms) = postSolution
		{993D1349-D1FA-4F10-9176-9EC4DDF72FF4}.Debug|Any CPU.ActiveCfg = Debug|Any CPU
		{993D1349-D1FA-4F10-9176-9EC4DDF72FF4}.Debug|Any CPU.Build.0 = Debug|Any CPU
		{993D1349-D1FA-4F10-9176-9EC4DDF72FF4}.Release|Any CPU.ActiveCfg = Release|Any CPU
		{993D1349-D1FA-4F10-9176-9EC4DDF72FF4}.Release|Any CPU.Build.0 = Release|Any CPU
		{1358FF04-649B-4B9F-8E1F-1DF13A82ED21}.Debug|Any CPU.ActiveCfg = Debug|Any CPU
		{1358FF04-649B-4B9F-8E1F-1DF13A82ED21}.Debug|Any CPU.Build.0 = Debug|Any CPU
		{1358FF04-649B-4B9F-8E1F-1DF13A82ED21}.Release|Any CPU.ActiveCfg = Release|Any CPU
		{1358FF04-649B-4B9F-8E1F-1DF13A82ED21}.Release|Any CPU.Build.0 = Release|Any CPU
	EndGlobalSection
	GlobalSection(SolutionProperties) = preSolution
		HideSolutionNode = FALSE
	EndGlobalSection
	GlobalSection(ExtensibilityGlobals) = postSolution
		SolutionGuid = {08B86970-9BCE-4C1C-AE40-11A8F92B9138}
	EndGlobalSection
EndGlobal
